{
  "version": 4,
  "terraform_version": "1.1.7",
  "serial": 14,
  "lineage": "ed2ae397-51ed-8f58-57ed-de8492f28acf",
  "outputs": {
    "agent": {
      "value": "52.12.114.202",
      "type": "string"
    },
    "servers": {
      "value": [
        [
          "35.88.173.77",
          "54.191.8.35",
          "34.222.39.134"
        ]
      ],
      "type": [
        "tuple",
        [
          [
            "tuple",
            [
              "string",
              "string",
              "string"
            ]
          ]
        ]
      ]
    }
  },
  "resources": [
    {
      "mode": "data",
      "type": "aws_subnets",
      "name": "prv_subnet",
      "provider": "provider[\"registry.terraform.io/hashicorp/aws\"]",
      "instances": [
        {
          "schema_version": 0,
          "attributes": {
            "filter": [
              {
                "name": "tag:Name",
                "values": [
                  "Private Subnet_0"
                ]
              }
            ],
            "id": "us-west-2",
            "ids": [
              "subnet-03f8ca46d46a5615f"
            ],
            "tags": null
          },
          "sensitive_attributes": []
        }
      ]
    },
    {
      "mode": "data",
      "type": "aws_subnets",
      "name": "pub_subnet",
      "provider": "provider[\"registry.terraform.io/hashicorp/aws\"]",
      "instances": [
        {
          "schema_version": 0,
          "attributes": {
            "filter": [
              {
                "name": "tag:Name",
                "values": [
                  "Public Subnet_0"
                ]
              }
            ],
            "id": "us-west-2",
            "ids": [
              "subnet-0bce40c63ded630a7"
            ],
            "tags": null
          },
          "sensitive_attributes": []
        }
      ]
    },
    {
      "mode": "data",
      "type": "aws_vpc",
      "name": "vpc",
      "provider": "provider[\"registry.terraform.io/hashicorp/aws\"]",
      "instances": [
        {
          "schema_version": 0,
          "attributes": {
            "arn": "arn:aws:ec2:us-west-2:967481731151:vpc/vpc-05ddec77bf2e7fe72",
            "cidr_block": "10.0.0.0/16",
            "cidr_block_associations": [
              {
                "association_id": "vpc-cidr-assoc-0546c888984ee6f4a",
                "cidr_block": "10.0.0.0/16",
                "state": "associated"
              }
            ],
            "default": false,
            "dhcp_options_id": "dopt-2b501b40",
            "enable_dns_hostnames": false,
            "enable_dns_support": true,
            "filter": [
              {
                "name": "tag:Name",
                "values": [
                  "Main VPC"
                ]
              }
            ],
            "id": "vpc-05ddec77bf2e7fe72",
            "instance_tenancy": "default",
            "ipv6_association_id": "",
            "ipv6_cidr_block": "",
            "main_route_table_id": "rtb-061f04e3a6f21a27c",
            "owner_id": "967481731151",
            "state": null,
            "tags": {
              "Name": "Main VPC"
            }
          },
          "sensitive_attributes": []
        }
      ]
    },
    {
      "mode": "managed",
      "type": "aws_iam_instance_profile",
      "name": "consul-join",
      "provider": "provider[\"registry.terraform.io/hashicorp/aws\"]",
      "instances": [
        {
          "schema_version": 0,
          "attributes": {
            "arn": "arn:aws:iam::967481731151:instance-profile/opsschool-consul-join",
            "create_date": "2022-06-07T14:36:26Z",
            "id": "opsschool-consul-join",
            "name": "opsschool-consul-join",
            "name_prefix": null,
            "path": "/",
            "role": "opsschool-consul-join",
            "tags": null,
            "tags_all": {},
            "unique_id": "AIPA6CQTHVBHRI32X5QQH"
          },
          "sensitive_attributes": [],
          "private": "bnVsbA==",
          "dependencies": [
            "aws_iam_role.consul-join"
          ]
        }
      ]
    },
    {
      "mode": "managed",
      "type": "aws_iam_policy",
      "name": "consul-join",
      "provider": "provider[\"registry.terraform.io/hashicorp/aws\"]",
      "instances": [
        {
          "schema_version": 0,
          "attributes": {
            "arn": "arn:aws:iam::967481731151:policy/opsschool-consul-join",
            "description": "Allows Consul nodes to describe instances for joining.",
            "id": "arn:aws:iam::967481731151:policy/opsschool-consul-join",
            "name": "opsschool-consul-join",
            "name_prefix": null,
            "path": "/",
            "policy": "{\"Statement\":[{\"Action\":\"ec2:DescribeInstances\",\"Effect\":\"Allow\",\"Resource\":\"*\"}],\"Version\":\"2012-10-17\"}",
            "policy_id": "ANPA6CQTHVBH63A6E3WKR",
            "tags": null,
            "tags_all": {}
          },
          "sensitive_attributes": [],
          "private": "bnVsbA=="
        }
      ]
    },
    {
      "mode": "managed",
      "type": "aws_iam_policy_attachment",
      "name": "consul-join",
      "provider": "provider[\"registry.terraform.io/hashicorp/aws\"]",
      "instances": [
        {
          "schema_version": 0,
          "attributes": {
            "groups": null,
            "id": "opsschool-consul-join",
            "name": "opsschool-consul-join",
            "policy_arn": "arn:aws:iam::967481731151:policy/opsschool-consul-join",
            "roles": [
              "opsschool-consul-join"
            ],
            "users": null
          },
          "sensitive_attributes": [],
          "private": "bnVsbA==",
          "dependencies": [
            "aws_iam_policy.consul-join",
            "aws_iam_role.consul-join"
          ]
        }
      ]
    },
    {
      "mode": "managed",
      "type": "aws_iam_role",
      "name": "consul-join",
      "provider": "provider[\"registry.terraform.io/hashicorp/aws\"]",
      "instances": [
        {
          "schema_version": 0,
          "attributes": {
            "arn": "arn:aws:iam::967481731151:role/opsschool-consul-join",
            "assume_role_policy": "{\"Version\":\"2012-10-17\",\"Statement\":[{\"Sid\":\"\",\"Effect\":\"Allow\",\"Principal\":{\"Service\":\"ec2.amazonaws.com\"},\"Action\":\"sts:AssumeRole\"}]}",
            "create_date": "2022-06-07T14:36:24Z",
            "description": "",
            "force_detach_policies": false,
            "id": "opsschool-consul-join",
            "inline_policy": [
              {
                "name": "",
                "policy": ""
              }
            ],
            "managed_policy_arns": [],
            "max_session_duration": 3600,
            "name": "opsschool-consul-join",
            "name_prefix": "",
            "path": "/",
            "permissions_boundary": null,
            "tags": null,
            "tags_all": {},
            "unique_id": "AROA6CQTHVBH4HX6YFAFB"
          },
          "sensitive_attributes": [],
          "private": "bnVsbA=="
        }
      ]
    },
    {
      "mode": "managed",
      "type": "aws_instance",
      "name": "consul_agent",
      "provider": "provider[\"registry.terraform.io/hashicorp/aws\"]",
      "instances": [
        {
          "schema_version": 1,
          "attributes": {
            "ami": "ami-0ac73f33a1888c64a",
            "arn": "arn:aws:ec2:us-west-2:967481731151:instance/i-038ef09cdf1c4ed25",
            "associate_public_ip_address": true,
            "availability_zone": "us-west-2a",
            "capacity_reservation_specification": [
              {
                "capacity_reservation_preference": "open",
                "capacity_reservation_target": []
              }
            ],
            "cpu_core_count": 1,
            "cpu_threads_per_core": 1,
            "credit_specification": [
              {
                "cpu_credits": "standard"
              }
            ],
            "disable_api_termination": false,
            "ebs_block_device": [],
            "ebs_optimized": false,
            "enclave_options": [
              {
                "enabled": false
              }
            ],
            "ephemeral_block_device": [],
            "get_password_data": false,
            "hibernation": false,
            "host_id": null,
            "iam_instance_profile": "opsschool-consul-join",
            "id": "i-038ef09cdf1c4ed25",
            "instance_initiated_shutdown_behavior": "stop",
            "instance_state": "running",
            "instance_type": "t2.micro",
            "ipv6_address_count": 0,
            "ipv6_addresses": [],
            "key_name": "opsschool_consul_key",
            "launch_template": [],
            "maintenance_options": [
              {
                "auto_recovery": "default"
              }
            ],
            "metadata_options": [
              {
                "http_endpoint": "enabled",
                "http_put_response_hop_limit": 1,
                "http_tokens": "optional",
                "instance_metadata_tags": "disabled"
              }
            ],
            "monitoring": false,
            "network_interface": [],
            "outpost_arn": "",
            "password_data": "",
            "placement_group": "",
            "placement_partition_number": null,
            "primary_network_interface_id": "eni-08f5687168985330e",
            "private_dns": "ip-10-0-4-19.us-west-2.compute.internal",
            "private_ip": "10.0.4.19",
            "public_dns": "",
            "public_ip": "52.12.114.202",
            "root_block_device": [
              {
                "delete_on_termination": true,
                "device_name": "/dev/sda1",
                "encrypted": false,
                "iops": 100,
                "kms_key_id": "",
                "tags": {},
                "throughput": 0,
                "volume_id": "vol-03d4b085116c6d903",
                "volume_size": 8,
                "volume_type": "gp2"
              }
            ],
            "secondary_private_ips": [],
            "security_groups": [],
            "source_dest_check": true,
            "subnet_id": "subnet-0bce40c63ded630a7",
            "tags": {
              "Name": "opsschool-agent",
              "environment": "production",
              "port": "80",
              "role": "ngnx"
            },
            "tags_all": {
              "Name": "opsschool-agent",
              "environment": "production",
              "port": "80",
              "role": "ngnx"
            },
            "tenancy": "default",
            "timeouts": null,
            "user_data": "fb42aa40a7ea70ec630d7e90915882a0087627cb",
            "user_data_base64": null,
            "user_data_replace_on_change": false,
            "volume_tags": null,
            "vpc_security_group_ids": [
              "sg-003c537a171910a17"
            ]
          },
          "sensitive_attributes": [],
          "private": "eyJlMmJmYjczMC1lY2FhLTExZTYtOGY4OC0zNDM2M2JjN2M0YzAiOnsiY3JlYXRlIjo2MDAwMDAwMDAwMDAsImRlbGV0ZSI6MTIwMDAwMDAwMDAwMCwidXBkYXRlIjo2MDAwMDAwMDAwMDB9LCJzY2hlbWFfdmVyc2lvbiI6IjEifQ==",
          "dependencies": [
            "aws_iam_instance_profile.consul-join",
            "aws_iam_role.consul-join",
            "aws_key_pair.opsschool_consul_key",
            "aws_security_group.opsschool_consul",
            "data.aws_subnets.pub_subnet",
            "data.aws_vpc.vpc",
            "tls_private_key.opsschool_consul_key"
          ]
        }
      ]
    },
    {
      "mode": "managed",
      "type": "aws_instance",
      "name": "consul_server",
      "provider": "provider[\"registry.terraform.io/hashicorp/aws\"]",
      "instances": [
        {
          "index_key": 0,
          "schema_version": 1,
          "attributes": {
            "ami": "ami-0ac73f33a1888c64a",
            "arn": "arn:aws:ec2:us-west-2:967481731151:instance/i-0f42536d64bec428d",
            "associate_public_ip_address": true,
            "availability_zone": "us-west-2a",
            "capacity_reservation_specification": [
              {
                "capacity_reservation_preference": "open",
                "capacity_reservation_target": []
              }
            ],
            "cpu_core_count": 1,
            "cpu_threads_per_core": 1,
            "credit_specification": [
              {
                "cpu_credits": "standard"
              }
            ],
            "disable_api_termination": false,
            "ebs_block_device": [],
            "ebs_optimized": false,
            "enclave_options": [
              {
                "enabled": false
              }
            ],
            "ephemeral_block_device": [],
            "get_password_data": false,
            "hibernation": false,
            "host_id": null,
            "iam_instance_profile": "opsschool-consul-join",
            "id": "i-0f42536d64bec428d",
            "instance_initiated_shutdown_behavior": "stop",
            "instance_state": "running",
            "instance_type": "t2.micro",
            "ipv6_address_count": 0,
            "ipv6_addresses": [],
            "key_name": "opsschool_consul_key",
            "launch_template": [],
            "maintenance_options": [
              {
                "auto_recovery": "default"
              }
            ],
            "metadata_options": [
              {
                "http_endpoint": "enabled",
                "http_put_response_hop_limit": 1,
                "http_tokens": "optional",
                "instance_metadata_tags": "disabled"
              }
            ],
            "monitoring": false,
            "network_interface": [],
            "outpost_arn": "",
            "password_data": "",
            "placement_group": "",
            "placement_partition_number": null,
            "primary_network_interface_id": "eni-03d85cb1ddddfac8f",
            "private_dns": "ip-10-0-4-11.us-west-2.compute.internal",
            "private_ip": "10.0.4.11",
            "public_dns": "",
            "public_ip": "35.88.173.77",
            "root_block_device": [
              {
                "delete_on_termination": true,
                "device_name": "/dev/sda1",
                "encrypted": false,
                "iops": 100,
                "kms_key_id": "",
                "tags": {},
                "throughput": 0,
                "volume_id": "vol-0acf8febdfee3850c",
                "volume_size": 8,
                "volume_type": "gp2"
              }
            ],
            "secondary_private_ips": [],
            "security_groups": [],
            "source_dest_check": true,
            "subnet_id": "subnet-0bce40c63ded630a7",
            "tags": {
              "Name": "opsschool-server_0",
              "consul_server": "true",
              "environment": "production",
              "role": "consul server"
            },
            "tags_all": {
              "Name": "opsschool-server_0",
              "consul_server": "true",
              "environment": "production",
              "role": "consul server"
            },
            "tenancy": "default",
            "timeouts": null,
            "user_data": null,
            "user_data_base64": null,
            "user_data_replace_on_change": false,
            "volume_tags": null,
            "vpc_security_group_ids": [
              "sg-003c537a171910a17"
            ]
          },
          "sensitive_attributes": [],
          "private": "eyJlMmJmYjczMC1lY2FhLTExZTYtOGY4OC0zNDM2M2JjN2M0YzAiOnsiY3JlYXRlIjo2MDAwMDAwMDAwMDAsImRlbGV0ZSI6MTIwMDAwMDAwMDAwMCwidXBkYXRlIjo2MDAwMDAwMDAwMDB9LCJzY2hlbWFfdmVyc2lvbiI6IjEifQ==",
          "dependencies": [
            "aws_iam_instance_profile.consul-join",
            "aws_iam_role.consul-join",
            "aws_key_pair.opsschool_consul_key",
            "aws_security_group.opsschool_consul",
            "data.aws_subnets.pub_subnet",
            "data.aws_vpc.vpc",
            "tls_private_key.opsschool_consul_key"
          ]
        },
        {
          "index_key": 1,
          "schema_version": 1,
          "attributes": {
            "ami": "ami-0ac73f33a1888c64a",
            "arn": "arn:aws:ec2:us-west-2:967481731151:instance/i-067370b6fef344ebf",
            "associate_public_ip_address": true,
            "availability_zone": "us-west-2a",
            "capacity_reservation_specification": [
              {
                "capacity_reservation_preference": "open",
                "capacity_reservation_target": []
              }
            ],
            "cpu_core_count": 1,
            "cpu_threads_per_core": 1,
            "credit_specification": [
              {
                "cpu_credits": "standard"
              }
            ],
            "disable_api_termination": false,
            "ebs_block_device": [],
            "ebs_optimized": false,
            "enclave_options": [
              {
                "enabled": false
              }
            ],
            "ephemeral_block_device": [],
            "get_password_data": false,
            "hibernation": false,
            "host_id": null,
            "iam_instance_profile": "opsschool-consul-join",
            "id": "i-067370b6fef344ebf",
            "instance_initiated_shutdown_behavior": "stop",
            "instance_state": "running",
            "instance_type": "t2.micro",
            "ipv6_address_count": 0,
            "ipv6_addresses": [],
            "key_name": "opsschool_consul_key",
            "launch_template": [],
            "maintenance_options": [
              {
                "auto_recovery": "default"
              }
            ],
            "metadata_options": [
              {
                "http_endpoint": "enabled",
                "http_put_response_hop_limit": 1,
                "http_tokens": "optional",
                "instance_metadata_tags": "disabled"
              }
            ],
            "monitoring": false,
            "network_interface": [],
            "outpost_arn": "",
            "password_data": "",
            "placement_group": "",
            "placement_partition_number": null,
            "primary_network_interface_id": "eni-011b90d7871e66425",
            "private_dns": "ip-10-0-4-8.us-west-2.compute.internal",
            "private_ip": "10.0.4.8",
            "public_dns": "",
            "public_ip": "54.191.8.35",
            "root_block_device": [
              {
                "delete_on_termination": true,
                "device_name": "/dev/sda1",
                "encrypted": false,
                "iops": 100,
                "kms_key_id": "",
                "tags": {},
                "throughput": 0,
                "volume_id": "vol-08a96ef1a83a42ec6",
                "volume_size": 8,
                "volume_type": "gp2"
              }
            ],
            "secondary_private_ips": [],
            "security_groups": [],
            "source_dest_check": true,
            "subnet_id": "subnet-0bce40c63ded630a7",
            "tags": {
              "Name": "opsschool-server_1",
              "consul_server": "true",
              "environment": "production",
              "role": "consul server"
            },
            "tags_all": {
              "Name": "opsschool-server_1",
              "consul_server": "true",
              "environment": "production",
              "role": "consul server"
            },
            "tenancy": "default",
            "timeouts": null,
            "user_data": null,
            "user_data_base64": null,
            "user_data_replace_on_change": false,
            "volume_tags": null,
            "vpc_security_group_ids": [
              "sg-003c537a171910a17"
            ]
          },
          "sensitive_attributes": [],
          "private": "eyJlMmJmYjczMC1lY2FhLTExZTYtOGY4OC0zNDM2M2JjN2M0YzAiOnsiY3JlYXRlIjo2MDAwMDAwMDAwMDAsImRlbGV0ZSI6MTIwMDAwMDAwMDAwMCwidXBkYXRlIjo2MDAwMDAwMDAwMDB9LCJzY2hlbWFfdmVyc2lvbiI6IjEifQ==",
          "dependencies": [
            "aws_iam_instance_profile.consul-join",
            "aws_iam_role.consul-join",
            "aws_key_pair.opsschool_consul_key",
            "aws_security_group.opsschool_consul",
            "data.aws_subnets.pub_subnet",
            "data.aws_vpc.vpc",
            "tls_private_key.opsschool_consul_key"
          ]
        },
        {
          "index_key": 2,
          "schema_version": 1,
          "attributes": {
            "ami": "ami-0ac73f33a1888c64a",
            "arn": "arn:aws:ec2:us-west-2:967481731151:instance/i-078b7d77265543086",
            "associate_public_ip_address": true,
            "availability_zone": "us-west-2a",
            "capacity_reservation_specification": [
              {
                "capacity_reservation_preference": "open",
                "capacity_reservation_target": []
              }
            ],
            "cpu_core_count": 1,
            "cpu_threads_per_core": 1,
            "credit_specification": [
              {
                "cpu_credits": "standard"
              }
            ],
            "disable_api_termination": false,
            "ebs_block_device": [],
            "ebs_optimized": false,
            "enclave_options": [
              {
                "enabled": false
              }
            ],
            "ephemeral_block_device": [],
            "get_password_data": false,
            "hibernation": false,
            "host_id": null,
            "iam_instance_profile": "opsschool-consul-join",
            "id": "i-078b7d77265543086",
            "instance_initiated_shutdown_behavior": "stop",
            "instance_state": "running",
            "instance_type": "t2.micro",
            "ipv6_address_count": 0,
            "ipv6_addresses": [],
            "key_name": "opsschool_consul_key",
            "launch_template": [],
            "maintenance_options": [
              {
                "auto_recovery": "default"
              }
            ],
            "metadata_options": [
              {
                "http_endpoint": "enabled",
                "http_put_response_hop_limit": 1,
                "http_tokens": "optional",
                "instance_metadata_tags": "disabled"
              }
            ],
            "monitoring": false,
            "network_interface": [],
            "outpost_arn": "",
            "password_data": "",
            "placement_group": "",
            "placement_partition_number": null,
            "primary_network_interface_id": "eni-016360234359868d2",
            "private_dns": "ip-10-0-4-56.us-west-2.compute.internal",
            "private_ip": "10.0.4.56",
            "public_dns": "",
            "public_ip": "34.222.39.134",
            "root_block_device": [
              {
                "delete_on_termination": true,
                "device_name": "/dev/sda1",
                "encrypted": false,
                "iops": 100,
                "kms_key_id": "",
                "tags": {},
                "throughput": 0,
                "volume_id": "vol-0f57f3ad293e10605",
                "volume_size": 8,
                "volume_type": "gp2"
              }
            ],
            "secondary_private_ips": [],
            "security_groups": [],
            "source_dest_check": true,
            "subnet_id": "subnet-0bce40c63ded630a7",
            "tags": {
              "Name": "opsschool-server_2",
              "consul_server": "true",
              "environment": "production",
              "role": "consul server"
            },
            "tags_all": {
              "Name": "opsschool-server_2",
              "consul_server": "true",
              "environment": "production",
              "role": "consul server"
            },
            "tenancy": "default",
            "timeouts": null,
            "user_data": null,
            "user_data_base64": null,
            "user_data_replace_on_change": false,
            "volume_tags": null,
            "vpc_security_group_ids": [
              "sg-003c537a171910a17"
            ]
          },
          "sensitive_attributes": [],
          "private": "eyJlMmJmYjczMC1lY2FhLTExZTYtOGY4OC0zNDM2M2JjN2M0YzAiOnsiY3JlYXRlIjo2MDAwMDAwMDAwMDAsImRlbGV0ZSI6MTIwMDAwMDAwMDAwMCwidXBkYXRlIjo2MDAwMDAwMDAwMDB9LCJzY2hlbWFfdmVyc2lvbiI6IjEifQ==",
          "dependencies": [
            "aws_iam_instance_profile.consul-join",
            "aws_iam_role.consul-join",
            "aws_key_pair.opsschool_consul_key",
            "aws_security_group.opsschool_consul",
            "data.aws_subnets.pub_subnet",
            "data.aws_vpc.vpc",
            "tls_private_key.opsschool_consul_key"
          ]
        }
      ]
    },
    {
      "mode": "managed",
      "type": "aws_key_pair",
      "name": "opsschool_consul_key",
      "provider": "provider[\"registry.terraform.io/hashicorp/aws\"]",
      "instances": [
        {
          "schema_version": 1,
          "attributes": {
            "arn": "arn:aws:ec2:us-west-2:967481731151:key-pair/opsschool_consul_key",
            "fingerprint": "b3:6f:ca:d4:85:7f:39:12:67:a2:cf:60:fa:b8:db:19",
            "id": "opsschool_consul_key",
            "key_name": "opsschool_consul_key",
            "key_name_prefix": "",
            "key_pair_id": "key-05bfbaae59f567fdf",
            "public_key": "ssh-rsa AAAAB3NzaC1yc2EAAAADAQABAAACAQDWJ05xUoIUIbGWJL+ObwqYljwgJ8v8FKS6MEI0Z9UM7ujJwX05eLVxYVMypapihh6fGZ9IbjiP3NeWyyRrcxWD1EituFnXASdPm0F0ChAyti0qD3HzwC6v9kx7aWkhaRO4TIW/8szK0H4PCNA0UrYnYpvU3y25H6aNZlyxZcxz56nmUXgdKaV+bZlcSxhmXv/8AfOso/T8xPoWFow8ySdGQMBbvGdl0okM3tENYdtHwcNNeHbcFZJaCehQhrJGBv52scuUiRCVoFruzx3EjJleg5Kraog7l4iBQUQBSe2aW/AP+3dS9j6bWa6EXOy4cpywu/X03R9aVYSytipRER/hhI3cRjtid9VdwAEoNwULM/LFxceOvLxXvXIGnQxJWIHWhdIaOhRRCX3CHqwWwf82TmphoExbHlvW3pGl16nSXtLnDW9GwmVBR0NH1nL0idk3kBMJwOcTNXRGAnt0IaRCZw0OWOyQKfmaAayMJOWbIlXr8xpQxJ3bsUWsyAZp/8+ncVwW6ffji06Kk/b8eluRXSMvS+h/QPn4bIrNrNrT0B+SLwYYLKDXwNU7pXdU5zQlNnG7dHB5/nyI3lf6M4+urctJdPfC7yLPNZnW2BY6MNSweC95GAozDwe7+u5Wffp94Kj8d/y0d7zSTdPf75vstRIeUpVt8dN/hmMcXdg1pQ==",
            "tags": null,
            "tags_all": {}
          },
          "sensitive_attributes": [],
          "private": "eyJzY2hlbWFfdmVyc2lvbiI6IjEifQ==",
          "dependencies": [
            "tls_private_key.opsschool_consul_key"
          ]
        }
      ]
    },
    {
      "mode": "managed",
      "type": "aws_security_group",
      "name": "opsschool_consul",
      "provider": "provider[\"registry.terraform.io/hashicorp/aws\"]",
      "instances": [
        {
          "schema_version": 1,
          "attributes": {
            "arn": "arn:aws:ec2:us-west-2:967481731151:security-group/sg-003c537a171910a17",
            "description": "Allow ssh \u0026 consul inbound traffic",
            "egress": [
              {
                "cidr_blocks": [
                  "0.0.0.0/0"
                ],
                "description": "Allow all outside security group",
                "from_port": 0,
                "ipv6_cidr_blocks": [],
                "prefix_list_ids": [],
                "protocol": "-1",
                "security_groups": [],
                "self": false,
                "to_port": 0
              }
            ],
            "id": "sg-003c537a171910a17",
            "ingress": [
              {
                "cidr_blocks": [
                  "0.0.0.0/0"
                ],
                "description": "Allow consul UI access from the world",
                "from_port": 8500,
                "ipv6_cidr_blocks": [],
                "prefix_list_ids": [],
                "protocol": "tcp",
                "security_groups": [],
                "self": false,
                "to_port": 8500
              },
              {
                "cidr_blocks": [
                  "0.0.0.0/0"
                ],
                "description": "Allow ssh from the world",
                "from_port": 22,
                "ipv6_cidr_blocks": [],
                "prefix_list_ids": [],
                "protocol": "tcp",
                "security_groups": [],
                "self": false,
                "to_port": 22
              },
              {
                "cidr_blocks": [],
                "description": "Allow all inside security group",
                "from_port": 0,
                "ipv6_cidr_blocks": [],
                "prefix_list_ids": [],
                "protocol": "-1",
                "security_groups": [],
                "self": true,
                "to_port": 0
              }
            ],
            "name": "opsschool-consul",
            "name_prefix": "",
            "owner_id": "967481731151",
            "revoke_rules_on_delete": false,
            "tags": null,
            "tags_all": {},
            "timeouts": null,
            "vpc_id": "vpc-05ddec77bf2e7fe72"
          },
          "sensitive_attributes": [],
          "private": "eyJlMmJmYjczMC1lY2FhLTExZTYtOGY4OC0zNDM2M2JjN2M0YzAiOnsiY3JlYXRlIjo2MDAwMDAwMDAwMDAsImRlbGV0ZSI6OTAwMDAwMDAwMDAwfSwic2NoZW1hX3ZlcnNpb24iOiIxIn0=",
          "dependencies": [
            "data.aws_vpc.vpc"
          ]
        }
      ]
    },
    {
      "mode": "managed",
      "type": "local_file",
      "name": "private_key",
      "provider": "provider[\"registry.terraform.io/hashicorp/local\"]",
      "instances": [
        {
          "schema_version": 0,
          "attributes": {
            "content": null,
            "content_base64": null,
            "directory_permission": "0777",
            "file_permission": "0777",
            "filename": "opsschool_consul.pem",
            "id": "da569e09fde9f0869e2b6c8008512ff26218cb6e",
            "sensitive_content": "-----BEGIN RSA PRIVATE KEY-----\nMIIJKQIBAAKCAgEA1idOcVKCFCGxliS/jm8KmJY8ICfL/BSkujBCNGfVDO7oycF9\nOXi1cWFTMqWqYoYenxmfSG44j9zXlsska3MVg9RIrbhZ1wEnT5tBdAoQMrYtKg9x\n88Aur/ZMe2lpIWkTuEyFv/LMytB+DwjQNFK2J2Kb1N8tuR+mjWZcsWXMc+ep5lF4\nHSmlfm2ZXEsYZl7//AHzrKP0/MT6FhaMPMknRkDAW7xnZdKJDN7RDWHbR8HDTXh2\n3BWSWgnoUIayRgb+drHLlIkQlaBa7s8dxIyZXoOSq2qIO5eIgUFEAUntmlvwD/t3\nUvY+m1muhFzsuHKcsLv19N0fWlWEsrYqUREf4YSN3EY7YnfVXcABKDcFCzPyxcXH\njry8V71yBp0MSViB1oXSGjoUUQl9wh6sFsH/Nk5qYaBMWx5b1t6Rpdep0l7S5w1v\nRsJlQUdDR9Zy9InZN5ATCcDnEzV0RgJ7dCGkQmcNDljskCn5mgGsjCTlmyJV6/Ma\nUMSd27FFrMgGaf/Pp3FcFun344tOipP2/HpbkV0jL0vof0D5+GyKzaza09Afki8G\nGCyg18DVO6V3VOc0JTZxu3Rwef58iN5X+jOPrq3LSXT3wu8izzWZ1tgWOjDUsHgv\neRgKMw8Hu/ruVn36feCo/Hf8tHe80k3T3++b7LUSHlKVbfHTf4ZjHF3YNaUCAwEA\nAQKCAgBn5UvuOJw5Dhus/wkcHg0i+AgVhZk2JAHC/rSv3gwDqUiw0Tlij4hfiFsn\nwC3IfM8QWwrmxeqVCQxi8Q0rP/sZKP1VopGbeMjMm0MG+/bd03pX5IRhQESmQ7TZ\nTsudVPAnQqDE/hOS9dGik6EHMXWD6Bg4D0qMfKl+AkJIIl4tgR/xSGcgptrOWnfD\nyf79c2t3pK7GfAjYNOwrmSbSOrjeIX3xQ5daU+j/oH4FowsSZhPNWvs3TRPisNnP\nb3m/9ZawmRNubYzpOpHDOCJ1/8xMiUK3/Qg4+QxVwQcwJOCsOZxe9J3wVt0K21iK\niNajqZ8RMy9ha4HRfpnRZgVjrQ4spIEud6Z9ekq/DcAgOfmoU5C8WcpHgoAgQroM\nZJ5vgJFg31LNW19ysQ+fR2ylK6j21mYdy4Szq2JkIbIU++jAtNKTqPM6tavARyIL\nkh3jyB9WloAeNDTcyCXg1SyZNpmrUYrlLXyIuiWWsSPZTK3o0FRSCRn6TPWV7vyQ\n8PV3wtJfskOSszdvebuG+xAZH2QshQvFmCMyhniAGhFUBR+61UZ8Hg1NhtmaLkfj\nss2p5BS8Dk0xlSyoMt+cMrBTbjzk6qxPK+7ps09igGk/O0Ff7KHul9wf8Js90wDO\ngzhT5wczFBY8yDFhbpLfVPFURxVhbixlQGdGhpVlZTjQ4OqnAQKCAQEA9a+sXKfU\n03yYDWTXMxv48qnCxbgBQnvbBJ4GaAAo66JNF0GVGUZ7OxFIAQ3fBvKSL+NycOer\nAmG5xnYXnIo5rxD7IXrmcXTQt5XpVpCV09hP0uO39ubc44JW/czAlt4h4K6zBpG8\nmWn/7epJ3/Ufq+92hgUgbbFqtMOlww0wOJMp8QwJVKF9nsaJdpudEtBeJNtdI05f\n/rYzPfU1vNWNvE36wVnbIlIwarzqMsvYguk86/yn7gsRrU/rw9Yqg7iE9BPnHKMK\nXcQZ83lq6uSCbirILRkglzLLhSwNiCnSGK23693RYuc2sII/qBGLrcVL6Cx0vN6r\nsBH5dRQCu/dhQQKCAQEA3yTCbamzwHoozPQ1LA55/WK+yHOTNDjhYEANU293UWLU\nlnZ1qu4zt0PORTuAItVKX5efqaDfOff5z7ryf1KKuHFgspR14xyozW4keHLtyZWB\n7ZXTmBKLtP+SvRvD0h60AQQ+5YQOjZp9KHifpbObvUb3TYEd9VLA7xcH0gMEx8pv\neGE2FaFaT+2RvY7/d0g+bQYr1nxTb43+PztHOZLksYnfeDmcifCaV41AXW1IJ7k8\nsf2XfMfVxig/yIebghKbR8bP7uMC7jIpAF0FSfvZ7maqtVzENiEc+pltyz1cw1E/\nxCrnE0NS7ZeV4K7sTMZyx/iQas2DXfo0/cQe+QIXZQKCAQEAhWXdMHHwHOSJqrwW\nHKoTga6rEq/V/0NAqEElOVLc5RQ6x2XUjuS2BFxdvDTL4/nRZi8Y9DTVpXVqaVe1\nekmTCHsv3/3bIb9LlGLRTy8yKtRIgzkhqe2wAdfDZArIhyIVQumYSvjWbnYfgA62\nDeQKTlC3Cg2+jdDHH18bocyHYjCFlVvztP/6NTuXZ88WeiCo/VoeOA1WEfbb28hI\nZT+Ota+hd1pSoU/++fWZM/t6k5oQehG1HIrmDjRWzv56FwsZJW2pDuN3vXG8pXZH\nl0J7j1WrWtFJ4M6zsps4vbX3XW71bhwClLD2AOC3r4nXTYLStD1vJR3CGtenmupC\nkczAAQKCAQEAmm4qURLdYBwrGIz6L59lNcOdHcU+3ylucNpjXpcKEL1BO1CIZt+r\n0u2OV8OyDmlmq3mX+iFn3AqOTQGoyg0qDDQLJAwy+hbfjCzp+KIxhw19ehvy8JAF\nOCKYP2BzyXuOQBXcIaOfHskITXYNpvQCmKAAjxcI0LuQ4uchdmq4aDzloH5Gm/mr\nMx3Le1D35GmPKozW0f4BEHdIuiIgTOwoceZlTiMw/xYQ+v66yO3UvgkoxFYo/Sag\nAB/i5LlVGlQeOzKQvVdGs+rrDWFTQ7yVOrS6+AFXmc6Y66Y7oii5hkM4yl6WxXIW\ndnAuPe1RhGDjFxojeIb6n5OGEQomFVcpMQKCAQBw6T656qsoRHC96JXOYgljsMBi\npWMG5qidjDP+wad79jYCr/KJlBKCXQg/eiGqhLx3S2ChavWpY0GTlQptHK2V1Klu\nueiyYmNScAxuepED1sZPxo9eKp4876CtHunt9VHZgx7Qzknzq1TXXtD4QIzmuRs1\nDVpL4sG3xGXqMKuaoCpAobpVkt06w0koqSXQOgJ+W+zx7SPB9FDmnhUofC09mmGN\ntwFeTXJJjrNJJEWIQozc6HfNyEY+Dbh3rb5eoresmo0pf+aeFRwG22w8R1QNc8iZ\nXy+12/f9y/wKkJy92vIBzukfnn2YZ86JS5yYL+Ykxli1U8i/5whTP6uspaq/\n-----END RSA PRIVATE KEY-----\n",
            "source": null
          },
          "sensitive_attributes": [
            [
              {
                "type": "get_attr",
                "value": "sensitive_content"
              }
            ]
          ],
          "private": "bnVsbA==",
          "dependencies": [
            "tls_private_key.opsschool_consul_key"
          ]
        }
      ]
    },
    {
      "mode": "managed",
      "type": "null_resource",
      "name": "chmod_400_key",
      "provider": "provider[\"registry.terraform.io/hashicorp/null\"]",
      "instances": [
        {
          "schema_version": 0,
          "attributes": {
            "id": "1673088197095015507",
            "triggers": null
          },
          "sensitive_attributes": [],
          "private": "bnVsbA==",
          "dependencies": [
            "local_file.private_key",
            "tls_private_key.opsschool_consul_key"
          ]
        }
      ]
    },
    {
      "mode": "managed",
      "type": "tls_private_key",
      "name": "opsschool_consul_key",
      "provider": "provider[\"registry.terraform.io/hashicorp/tls\"]",
      "instances": [
        {
          "schema_version": 0,
          "attributes": {
            "algorithm": "RSA",
            "ecdsa_curve": "P224",
            "id": "763983b7dc00dad8431421e97ed3177db816cb78",
            "private_key_openssh": "-----BEGIN OPENSSH PRIVATE KEY-----\nb3BlbnNzaC1rZXktdjEAAAAABG5vbmUAAAAEbm9uZQAAAAAAAAABAAACFwAAAAdz\nc2gtcnNhAAAAAwEAAQAAAgEA1idOcVKCFCGxliS/jm8KmJY8ICfL/BSkujBCNGfV\nDO7oycF9OXi1cWFTMqWqYoYenxmfSG44j9zXlsska3MVg9RIrbhZ1wEnT5tBdAoQ\nMrYtKg9x88Aur/ZMe2lpIWkTuEyFv/LMytB+DwjQNFK2J2Kb1N8tuR+mjWZcsWXM\nc+ep5lF4HSmlfm2ZXEsYZl7//AHzrKP0/MT6FhaMPMknRkDAW7xnZdKJDN7RDWHb\nR8HDTXh23BWSWgnoUIayRgb+drHLlIkQlaBa7s8dxIyZXoOSq2qIO5eIgUFEAUnt\nmlvwD/t3UvY+m1muhFzsuHKcsLv19N0fWlWEsrYqUREf4YSN3EY7YnfVXcABKDcF\nCzPyxcXHjry8V71yBp0MSViB1oXSGjoUUQl9wh6sFsH/Nk5qYaBMWx5b1t6Rpdep\n0l7S5w1vRsJlQUdDR9Zy9InZN5ATCcDnEzV0RgJ7dCGkQmcNDljskCn5mgGsjCTl\nmyJV6/MaUMSd27FFrMgGaf/Pp3FcFun344tOipP2/HpbkV0jL0vof0D5+GyKzaza\n09Afki8GGCyg18DVO6V3VOc0JTZxu3Rwef58iN5X+jOPrq3LSXT3wu8izzWZ1tgW\nOjDUsHgveRgKMw8Hu/ruVn36feCo/Hf8tHe80k3T3++b7LUSHlKVbfHTf4ZjHF3Y\nNaUAAAc4W7ABDVuwAQ0AAAAHc3NoLXJzYQAAAgEA1idOcVKCFCGxliS/jm8KmJY8\nICfL/BSkujBCNGfVDO7oycF9OXi1cWFTMqWqYoYenxmfSG44j9zXlsska3MVg9RI\nrbhZ1wEnT5tBdAoQMrYtKg9x88Aur/ZMe2lpIWkTuEyFv/LMytB+DwjQNFK2J2Kb\n1N8tuR+mjWZcsWXMc+ep5lF4HSmlfm2ZXEsYZl7//AHzrKP0/MT6FhaMPMknRkDA\nW7xnZdKJDN7RDWHbR8HDTXh23BWSWgnoUIayRgb+drHLlIkQlaBa7s8dxIyZXoOS\nq2qIO5eIgUFEAUntmlvwD/t3UvY+m1muhFzsuHKcsLv19N0fWlWEsrYqUREf4YSN\n3EY7YnfVXcABKDcFCzPyxcXHjry8V71yBp0MSViB1oXSGjoUUQl9wh6sFsH/Nk5q\nYaBMWx5b1t6Rpdep0l7S5w1vRsJlQUdDR9Zy9InZN5ATCcDnEzV0RgJ7dCGkQmcN\nDljskCn5mgGsjCTlmyJV6/MaUMSd27FFrMgGaf/Pp3FcFun344tOipP2/HpbkV0j\nL0vof0D5+GyKzaza09Afki8GGCyg18DVO6V3VOc0JTZxu3Rwef58iN5X+jOPrq3L\nSXT3wu8izzWZ1tgWOjDUsHgveRgKMw8Hu/ruVn36feCo/Hf8tHe80k3T3++b7LUS\nHlKVbfHTf4ZjHF3YNaUAAAADAQABAAACAGflS+44nDkOG6z/CRweDSL4CBWFmTYk\nAcL+tK/eDAOpSLDROWKPiF+IWyfALch8zxBbCubF6pUJDGLxDSs/+xko/VWikZt4\nyMybQwb79t3TelfkhGFARKZDtNlOy51U8CdCoMT+E5L10aKToQcxdYPoGDgPSox8\nqX4CQkgiXi2BH/FIZyCm2s5ad8PJ/v1za3ekrsZ8CNg07CuZJtI6uN4hffFDl1pT\n6P+gfgWjCxJmE81a+zdNE+Kw2c9veb/1lrCZE25tjOk6kcM4InX/zEyJQrf9CDj5\nDFXBBzAk4Kw5nF70nfBW3QrbWIqI1qOpnxEzL2FrgdF+mdFmBWOtDiykgS53pn16\nSr8NwCA5+ahTkLxZykeCgCBCugxknm+AkWDfUs1bX3KxD59HbKUrqPbWZh3LhLOr\nYmQhshT76MC00pOo8zq1q8BHIguSHePIH1aWgB40NNzIJeDVLJk2matRiuUtfIi6\nJZaxI9lMrejQVFIJGfpM9ZXu/JDw9XfC0l+yQ5KzN295u4b7EBkfZCyFC8WYIzKG\neIAaEVQFH7rVRnweDU2G2ZouR+OyzankFLwOTTGVLKgy35wysFNuPOTqrE8r7umz\nT2KAaT87QV/soe6X3B/wmz3TAM6DOFPnBzMUFjzIMWFukt9U8VRHFWFuLGVAZ0aG\nlWVlONDg6qcBAAABAHDpPrnqqyhEcL3olc5iCWOwwGKlYwbmqJ2MM/7Bp3v2NgKv\n8omUEoJdCD96IaqEvHdLYKFq9aljQZOVCm0crZXUqW656LJiY1JwDG56kQPWxk/G\nj14qnjzvoK0e6e31UdmDHtDOSfOrVNde0PhAjOa5GzUNWkviwbfEZeowq5qgKkCh\nulWS3TrDSSipJdA6An5b7PHtI8H0UOaeFSh8LT2aYY23AV5NckmOs0kkRYhCjNzo\nd83IRj4NuHetvl6it6yajSl/5p4VHAbbbDxHVA1zyJlfL7Xb9/3L/AqQnL3a8gHO\n6R+efZhnzolLnJgv5iTGWLVTyL/nCFM/q6ylqr8AAAEBAPWvrFyn1NN8mA1k1zMb\n+PKpwsW4AUJ72wSeBmgAKOuiTRdBlRlGezsRSAEN3wbyki/jcnDnqwJhucZ2F5yK\nOa8Q+yF65nF00LeV6VaQldPYT9Ljt/bm3OOCVv3MwJbeIeCuswaRvJlp/+3qSd/1\nH6vvdoYFIG2xarTDpcMNMDiTKfEMCVShfZ7GiXabnRLQXiTbXSNOX/62Mz31NbzV\njbxN+sFZ2yJSMGq86jLL2ILpPOv8p+4LEa1P68PWKoO4hPQT5xyjCl3EGfN5aurk\ngm4qyC0ZIJcyy4UsDYgp0hitt+vd0WLnNrCCP6gRi63FS+gsdLzeq7AR+XUUArv3\nYUEAAAEBAN8kwm2ps8B6KMz0NSwOef1ivshzkzQ44WBADVNvd1Fi1JZ2daruM7dD\nzkU7gCLVSl+Xn6mg3zn3+c+68n9SirhxYLKUdeMcqM1uJHhy7cmVge2V05gSi7T/\nkr0bw9IetAEEPuWEDo2afSh4n6Wzm71G902BHfVSwO8XB9IDBMfKb3hhNhWhWk/t\nkb2O/3dIPm0GK9Z8U2+N/j87RzmS5LGJ33g5nInwmleNQF1tSCe5PLH9l3zH1cYo\nP8iHm4ISm0fGz+7jAu4yKQBdBUn72e5mqrVcxDYhHPqZbcs9XMNRP8Qq5xNDUu2X\nleCu7EzGcsf4kGrNg136NP3EHvkCF2UAAAAAAQID\n-----END OPENSSH PRIVATE KEY-----\n",
            "private_key_pem": "-----BEGIN RSA PRIVATE KEY-----\nMIIJKQIBAAKCAgEA1idOcVKCFCGxliS/jm8KmJY8ICfL/BSkujBCNGfVDO7oycF9\nOXi1cWFTMqWqYoYenxmfSG44j9zXlsska3MVg9RIrbhZ1wEnT5tBdAoQMrYtKg9x\n88Aur/ZMe2lpIWkTuEyFv/LMytB+DwjQNFK2J2Kb1N8tuR+mjWZcsWXMc+ep5lF4\nHSmlfm2ZXEsYZl7//AHzrKP0/MT6FhaMPMknRkDAW7xnZdKJDN7RDWHbR8HDTXh2\n3BWSWgnoUIayRgb+drHLlIkQlaBa7s8dxIyZXoOSq2qIO5eIgUFEAUntmlvwD/t3\nUvY+m1muhFzsuHKcsLv19N0fWlWEsrYqUREf4YSN3EY7YnfVXcABKDcFCzPyxcXH\njry8V71yBp0MSViB1oXSGjoUUQl9wh6sFsH/Nk5qYaBMWx5b1t6Rpdep0l7S5w1v\nRsJlQUdDR9Zy9InZN5ATCcDnEzV0RgJ7dCGkQmcNDljskCn5mgGsjCTlmyJV6/Ma\nUMSd27FFrMgGaf/Pp3FcFun344tOipP2/HpbkV0jL0vof0D5+GyKzaza09Afki8G\nGCyg18DVO6V3VOc0JTZxu3Rwef58iN5X+jOPrq3LSXT3wu8izzWZ1tgWOjDUsHgv\neRgKMw8Hu/ruVn36feCo/Hf8tHe80k3T3++b7LUSHlKVbfHTf4ZjHF3YNaUCAwEA\nAQKCAgBn5UvuOJw5Dhus/wkcHg0i+AgVhZk2JAHC/rSv3gwDqUiw0Tlij4hfiFsn\nwC3IfM8QWwrmxeqVCQxi8Q0rP/sZKP1VopGbeMjMm0MG+/bd03pX5IRhQESmQ7TZ\nTsudVPAnQqDE/hOS9dGik6EHMXWD6Bg4D0qMfKl+AkJIIl4tgR/xSGcgptrOWnfD\nyf79c2t3pK7GfAjYNOwrmSbSOrjeIX3xQ5daU+j/oH4FowsSZhPNWvs3TRPisNnP\nb3m/9ZawmRNubYzpOpHDOCJ1/8xMiUK3/Qg4+QxVwQcwJOCsOZxe9J3wVt0K21iK\niNajqZ8RMy9ha4HRfpnRZgVjrQ4spIEud6Z9ekq/DcAgOfmoU5C8WcpHgoAgQroM\nZJ5vgJFg31LNW19ysQ+fR2ylK6j21mYdy4Szq2JkIbIU++jAtNKTqPM6tavARyIL\nkh3jyB9WloAeNDTcyCXg1SyZNpmrUYrlLXyIuiWWsSPZTK3o0FRSCRn6TPWV7vyQ\n8PV3wtJfskOSszdvebuG+xAZH2QshQvFmCMyhniAGhFUBR+61UZ8Hg1NhtmaLkfj\nss2p5BS8Dk0xlSyoMt+cMrBTbjzk6qxPK+7ps09igGk/O0Ff7KHul9wf8Js90wDO\ngzhT5wczFBY8yDFhbpLfVPFURxVhbixlQGdGhpVlZTjQ4OqnAQKCAQEA9a+sXKfU\n03yYDWTXMxv48qnCxbgBQnvbBJ4GaAAo66JNF0GVGUZ7OxFIAQ3fBvKSL+NycOer\nAmG5xnYXnIo5rxD7IXrmcXTQt5XpVpCV09hP0uO39ubc44JW/czAlt4h4K6zBpG8\nmWn/7epJ3/Ufq+92hgUgbbFqtMOlww0wOJMp8QwJVKF9nsaJdpudEtBeJNtdI05f\n/rYzPfU1vNWNvE36wVnbIlIwarzqMsvYguk86/yn7gsRrU/rw9Yqg7iE9BPnHKMK\nXcQZ83lq6uSCbirILRkglzLLhSwNiCnSGK23693RYuc2sII/qBGLrcVL6Cx0vN6r\nsBH5dRQCu/dhQQKCAQEA3yTCbamzwHoozPQ1LA55/WK+yHOTNDjhYEANU293UWLU\nlnZ1qu4zt0PORTuAItVKX5efqaDfOff5z7ryf1KKuHFgspR14xyozW4keHLtyZWB\n7ZXTmBKLtP+SvRvD0h60AQQ+5YQOjZp9KHifpbObvUb3TYEd9VLA7xcH0gMEx8pv\neGE2FaFaT+2RvY7/d0g+bQYr1nxTb43+PztHOZLksYnfeDmcifCaV41AXW1IJ7k8\nsf2XfMfVxig/yIebghKbR8bP7uMC7jIpAF0FSfvZ7maqtVzENiEc+pltyz1cw1E/\nxCrnE0NS7ZeV4K7sTMZyx/iQas2DXfo0/cQe+QIXZQKCAQEAhWXdMHHwHOSJqrwW\nHKoTga6rEq/V/0NAqEElOVLc5RQ6x2XUjuS2BFxdvDTL4/nRZi8Y9DTVpXVqaVe1\nekmTCHsv3/3bIb9LlGLRTy8yKtRIgzkhqe2wAdfDZArIhyIVQumYSvjWbnYfgA62\nDeQKTlC3Cg2+jdDHH18bocyHYjCFlVvztP/6NTuXZ88WeiCo/VoeOA1WEfbb28hI\nZT+Ota+hd1pSoU/++fWZM/t6k5oQehG1HIrmDjRWzv56FwsZJW2pDuN3vXG8pXZH\nl0J7j1WrWtFJ4M6zsps4vbX3XW71bhwClLD2AOC3r4nXTYLStD1vJR3CGtenmupC\nkczAAQKCAQEAmm4qURLdYBwrGIz6L59lNcOdHcU+3ylucNpjXpcKEL1BO1CIZt+r\n0u2OV8OyDmlmq3mX+iFn3AqOTQGoyg0qDDQLJAwy+hbfjCzp+KIxhw19ehvy8JAF\nOCKYP2BzyXuOQBXcIaOfHskITXYNpvQCmKAAjxcI0LuQ4uchdmq4aDzloH5Gm/mr\nMx3Le1D35GmPKozW0f4BEHdIuiIgTOwoceZlTiMw/xYQ+v66yO3UvgkoxFYo/Sag\nAB/i5LlVGlQeOzKQvVdGs+rrDWFTQ7yVOrS6+AFXmc6Y66Y7oii5hkM4yl6WxXIW\ndnAuPe1RhGDjFxojeIb6n5OGEQomFVcpMQKCAQBw6T656qsoRHC96JXOYgljsMBi\npWMG5qidjDP+wad79jYCr/KJlBKCXQg/eiGqhLx3S2ChavWpY0GTlQptHK2V1Klu\nueiyYmNScAxuepED1sZPxo9eKp4876CtHunt9VHZgx7Qzknzq1TXXtD4QIzmuRs1\nDVpL4sG3xGXqMKuaoCpAobpVkt06w0koqSXQOgJ+W+zx7SPB9FDmnhUofC09mmGN\ntwFeTXJJjrNJJEWIQozc6HfNyEY+Dbh3rb5eoresmo0pf+aeFRwG22w8R1QNc8iZ\nXy+12/f9y/wKkJy92vIBzukfnn2YZ86JS5yYL+Ykxli1U8i/5whTP6uspaq/\n-----END RSA PRIVATE KEY-----\n",
            "public_key_fingerprint_md5": "ac:34:da:c1:b3:3b:d4:9b:5b:5e:ef:04:2b:8a:92:dd",
            "public_key_fingerprint_sha256": "SHA256:YLkyeFvlbuBR5A3MrFd4dIVrb9v7MUY+hlZ2dCt337U",
            "public_key_openssh": "ssh-rsa AAAAB3NzaC1yc2EAAAADAQABAAACAQDWJ05xUoIUIbGWJL+ObwqYljwgJ8v8FKS6MEI0Z9UM7ujJwX05eLVxYVMypapihh6fGZ9IbjiP3NeWyyRrcxWD1EituFnXASdPm0F0ChAyti0qD3HzwC6v9kx7aWkhaRO4TIW/8szK0H4PCNA0UrYnYpvU3y25H6aNZlyxZcxz56nmUXgdKaV+bZlcSxhmXv/8AfOso/T8xPoWFow8ySdGQMBbvGdl0okM3tENYdtHwcNNeHbcFZJaCehQhrJGBv52scuUiRCVoFruzx3EjJleg5Kraog7l4iBQUQBSe2aW/AP+3dS9j6bWa6EXOy4cpywu/X03R9aVYSytipRER/hhI3cRjtid9VdwAEoNwULM/LFxceOvLxXvXIGnQxJWIHWhdIaOhRRCX3CHqwWwf82TmphoExbHlvW3pGl16nSXtLnDW9GwmVBR0NH1nL0idk3kBMJwOcTNXRGAnt0IaRCZw0OWOyQKfmaAayMJOWbIlXr8xpQxJ3bsUWsyAZp/8+ncVwW6ffji06Kk/b8eluRXSMvS+h/QPn4bIrNrNrT0B+SLwYYLKDXwNU7pXdU5zQlNnG7dHB5/nyI3lf6M4+urctJdPfC7yLPNZnW2BY6MNSweC95GAozDwe7+u5Wffp94Kj8d/y0d7zSTdPf75vstRIeUpVt8dN/hmMcXdg1pQ==\n",
            "public_key_pem": "-----BEGIN PUBLIC KEY-----\nMIICIjANBgkqhkiG9w0BAQEFAAOCAg8AMIICCgKCAgEA1idOcVKCFCGxliS/jm8K\nmJY8ICfL/BSkujBCNGfVDO7oycF9OXi1cWFTMqWqYoYenxmfSG44j9zXlsska3MV\ng9RIrbhZ1wEnT5tBdAoQMrYtKg9x88Aur/ZMe2lpIWkTuEyFv/LMytB+DwjQNFK2\nJ2Kb1N8tuR+mjWZcsWXMc+ep5lF4HSmlfm2ZXEsYZl7//AHzrKP0/MT6FhaMPMkn\nRkDAW7xnZdKJDN7RDWHbR8HDTXh23BWSWgnoUIayRgb+drHLlIkQlaBa7s8dxIyZ\nXoOSq2qIO5eIgUFEAUntmlvwD/t3UvY+m1muhFzsuHKcsLv19N0fWlWEsrYqUREf\n4YSN3EY7YnfVXcABKDcFCzPyxcXHjry8V71yBp0MSViB1oXSGjoUUQl9wh6sFsH/\nNk5qYaBMWx5b1t6Rpdep0l7S5w1vRsJlQUdDR9Zy9InZN5ATCcDnEzV0RgJ7dCGk\nQmcNDljskCn5mgGsjCTlmyJV6/MaUMSd27FFrMgGaf/Pp3FcFun344tOipP2/Hpb\nkV0jL0vof0D5+GyKzaza09Afki8GGCyg18DVO6V3VOc0JTZxu3Rwef58iN5X+jOP\nrq3LSXT3wu8izzWZ1tgWOjDUsHgveRgKMw8Hu/ruVn36feCo/Hf8tHe80k3T3++b\n7LUSHlKVbfHTf4ZjHF3YNaUCAwEAAQ==\n-----END PUBLIC KEY-----\n",
            "rsa_bits": 4096
          },
          "sensitive_attributes": [],
          "private": "bnVsbA=="
        }
      ]
    }
  ]
}
